<?xml version="1.0" encoding="utf-8"?>
<Project ToolsVersion="4.0" xmlns="http://schemas.microsoft.com/developer/msbuild/2003">
  <ItemGroup>
    <Filter Include="Source Files">
      <UniqueIdentifier>{4FC737F1-C7A5-4376-A066-2A32D752A2FF}</UniqueIdentifier>
      <Extensions>cpp;c;cc;cxx;def;odl;idl;hpj;bat;asm;asmx</Extensions>
    </Filter>
    <Filter Include="Header Files">
      <UniqueIdentifier>{93995380-89BD-4b04-88EB-625FBE52EBFB}</UniqueIdentifier>
      <Extensions>h;hh;hpp;hxx;hm;inl;inc;xsd</Extensions>
    </Filter>
    <Filter Include="Resource Files">
      <UniqueIdentifier>{67DA6AB6-F800-4c08-8B7A-83BB121AAD01}</UniqueIdentifier>
      <Extensions>rc;ico;cur;bmp;dlg;rc2;rct;bin;rgs;gif;jpg;jpeg;jpe;resx;tiff;tif;png;wav;mfcribbon-ms</Extensions>
    </Filter>
    <Filter Include="common">
      <UniqueIdentifier>{556b0c1c-11db-4fbf-a355-ab6a52e37b86}</UniqueIdentifier>
    </Filter>
    <Filter Include="gcpql">
      <UniqueIdentifier>{c18fa211-a338-4dd4-88d8-0162739697a2}</UniqueIdentifier>
    </Filter>
    <Filter Include="gcpql\scripts">
      <UniqueIdentifier>{f590ad9c-9128-4ce9-a149-df34d9127d7e}</UniqueIdentifier>
    </Filter>
    <Filter Include="gcpql\graph">
      <UniqueIdentifier>{21428e68-b06e-4f23-bca4-ac35ba53ad62}</UniqueIdentifier>
    </Filter>
    <Filter Include="gcpql\filter">
      <UniqueIdentifier>{3c1f9c09-7fdd-4ede-9a6a-8f17b8a5b9b3}</UniqueIdentifier>
    </Filter>
  </ItemGroup>
  <ItemGroup>
    <ClInclude Include="stdafx.h">
      <Filter>Header Files</Filter>
    </ClInclude>
    <ClInclude Include="targetver.h">
      <Filter>Header Files</Filter>
    </ClInclude>
    <ClInclude Include="common\AstVariant.h">
      <Filter>common</Filter>
    </ClInclude>
    <ClInclude Include="gcpql_query\graph\graph_node.h">
      <Filter>gcpql\graph</Filter>
    </ClInclude>
    <ClInclude Include="gcpql_query\graph\graph_path.h">
      <Filter>gcpql\graph</Filter>
    </ClInclude>
    <ClInclude Include="gcpql_query\graph\graph_relation.h">
      <Filter>gcpql\graph</Filter>
    </ClInclude>
    <ClInclude Include="gcpql_query\gcpql_query_driver.h">
      <Filter>gcpql</Filter>
    </ClInclude>
    <ClInclude Include="gcpql_query\gcpql_query_parser.h">
      <Filter>gcpql</Filter>
    </ClInclude>
    <ClInclude Include="gcpql_query\gcpql_query_runner.h">
      <Filter>gcpql</Filter>
    </ClInclude>
    <ClInclude Include="gcpql_query\gcpql_query_scanner.h">
      <Filter>gcpql</Filter>
    </ClInclude>
    <ClInclude Include="gcpql_query\location.hh">
      <Filter>gcpql</Filter>
    </ClInclude>
    <ClInclude Include="gcpql_query\position.hh">
      <Filter>gcpql</Filter>
    </ClInclude>
    <ClInclude Include="gcpql_query\stack.hh">
      <Filter>gcpql</Filter>
    </ClInclude>
    <ClInclude Include="gcpql_query\gcpql_query_context.h">
      <Filter>gcpql</Filter>
    </ClInclude>
    <ClInclude Include="common\disjoint_hash_set.h">
      <Filter>common</Filter>
    </ClInclude>
    <ClInclude Include="gcpql_query\graph\graph_query.h">
      <Filter>gcpql\graph</Filter>
    </ClInclude>
    <ClInclude Include="gcpql_query\graph\graph_path_filter.h">
      <Filter>gcpql\graph</Filter>
    </ClInclude>
    <ClInclude Include="gcpql_query\graph\graph_slice.h">
      <Filter>gcpql\graph</Filter>
    </ClInclude>
    <ClInclude Include="gcpql_query\graph\graph.h">
      <Filter>gcpql\graph</Filter>
    </ClInclude>
    <ClInclude Include="gcpql_query\filter\base_expression.h">
      <Filter>gcpql\filter</Filter>
    </ClInclude>
    <ClInclude Include="gcpql_query\filter\comparation_expression.h">
      <Filter>gcpql\filter</Filter>
    </ClInclude>
    <ClInclude Include="gcpql_query\filter\constant_expression.h">
      <Filter>gcpql\filter</Filter>
    </ClInclude>
    <ClInclude Include="gcpql_query\filter\constants_collection.h">
      <Filter>gcpql\filter</Filter>
    </ClInclude>
    <ClInclude Include="gcpql_query\filter\expressions.h">
      <Filter>gcpql\filter</Filter>
    </ClInclude>
    <ClInclude Include="gcpql_query\filter\function_expression.h">
      <Filter>gcpql\filter</Filter>
    </ClInclude>
    <ClInclude Include="gcpql_query\filter\logical_expression.h">
      <Filter>gcpql\filter</Filter>
    </ClInclude>
    <ClInclude Include="gcpql_query\filter\math_expression.h">
      <Filter>gcpql\filter</Filter>
    </ClInclude>
  </ItemGroup>
  <ItemGroup>
    <ClCompile Include="stdafx.cpp">
      <Filter>Source Files</Filter>
    </ClCompile>
    <ClCompile Include="gcpql_query\gcpql_query_driver.cc">
      <Filter>gcpql</Filter>
    </ClCompile>
    <ClCompile Include="gcpql_query\gcpql_query_parser.cc">
      <Filter>gcpql</Filter>
    </ClCompile>
    <ClCompile Include="gcpql_query\gcpql_query_scanner.cc">
      <Filter>gcpql</Filter>
    </ClCompile>
    <ClCompile Include="gcpql_query\graph\graph_relation.cpp">
      <Filter>gcpql\graph</Filter>
    </ClCompile>
    <ClCompile Include="gcpql_query\graph\graph_path.cpp">
      <Filter>gcpql\graph</Filter>
    </ClCompile>
  </ItemGroup>
  <ItemGroup>
    <None Include="gcpql_query\script\gcpql_query_parser.y">
      <Filter>gcpql\scripts</Filter>
    </None>
    <None Include="gcpql_query\script\gcpql_query_scanner.l">
      <Filter>gcpql\scripts</Filter>
    </None>
  </ItemGroup>
</Project>